
Microsoft Visual Studio Solution File, Format Version 12.00
# Visual Studio Version 17
VisualStudioVersion = 17.0.32014.148
MinimumVisualStudioVersion = 10.0.40219.1
Project("{FAE04EC0-301F-11D3-BF4B-00C04F79EFBC}") = "MudBlazorTemplateSamples", "MudBlazorTemplateSamples\MudBlazorTemplateSamples.csproj", "{B4B9DC1D-3ED2-4493-A01C-EB8B372E13CD}"
EndProject
Global
	GlobalSection(SolutionConfigurationPlatforms) = preSolution
		Debug|Any CPU = Debug|Any CPU
		Release|Any CPU = Release|Any CPU
	EndGlobalSection
	GlobalSection(ProjectConfigurationPlatforms) = postSolution
		{B4B9DC1D-3ED2-4493-A01C-EB8B372E13CD}.Debug|Any CPU.ActiveCfg = Debug|Any CPU
		{B4B9DC1D-3ED2-4493-A01C-EB8B372E13CD}.Debug|Any CPU.Build.0 = Debug|Any CPU
		{B4B9DC1D-3ED2-4493-A01C-EB8B372E13CD}.Release|Any CPU.ActiveCfg = Release|Any CPU
		{B4B9DC1D-3ED2-4493-A01C-EB8B372E13CD}.Release|Any CPU.Build.0 = Release|Any CPU
	EndGlobalSection
	GlobalSection(SolutionProperties) = preSolution
		HideSolutionNode = FALSE
	EndGlobalSection
	GlobalSection(ExtensibilityGlobals) = postSolution
		SolutionGuid = {2565045F-B322-4B2F-A986-A5C1C49AA89A}
	EndGlobalSection
EndGlobal
